Microsoft Visual Studio Solution File, Format Version 12.00
# Visual Studio Version 17
VisualStudioVersion = 17.5.2.0
MinimumVisualStudioVersion = 10.0.40219.1
Project("{FAE04EC0-301F-11D3-BF4B-00C04F79EFBC}") = "Zuul", "Zuul\Zuul.csproj", "{B542EA9D-5C1C-65DD-A26E-A61327A51287}"
EndProject
Global
	GlobalSection(SolutionConfigurationPlatforms) = preSolution
		Debug|Any CPU = Debug|Any CPU
		Release|Any CPU = Release|Any CPU
	EndGlobalSection
	GlobalSection(ProjectConfigurationPlatforms) = postSolution
		{B542EA9D-5C1C-65DD-A26E-A61327A51287}.Debug|Any CPU.ActiveCfg = Debug|Any CPU
		{B542EA9D-5C1C-65DD-A26E-A61327A51287}.Debug|Any CPU.Build.0 = Debug|Any CPU
		{B542EA9D-5C1C-65DD-A26E-A61327A51287}.Release|Any CPU.ActiveCfg = Release|Any CPU
		{B542EA9D-5C1C-65DD-A26E-A61327A51287}.Release|Any CPU.Build.0 = Release|Any CPU
	EndGlobalSection
	GlobalSection(SolutionProperties) = preSolution
		HideSolutionNode = FALSE
	EndGlobalSection
	GlobalSection(ExtensibilityGlobals) = postSolution
		SolutionGuid = {F0331C31-B97B-47D2-A9AC-9B89552301B6}
	EndGlobalSection
EndGlobal
